<?xml version="1.0" encoding="utf-8"?>
<Project ToolsVersion="4.0" xmlns="http://schemas.microsoft.com/developer/msbuild/2003">
  <ItemGroup>
    <Filter Include="bgfx-imgui">
      <UniqueIdentifier>{94EDF347-80A5-3595-E9AC-0EF1D583D085}</UniqueIdentifier>
    </Filter>
  </ItemGroup>
  <ItemGroup>
    <ClInclude Include="Source\bgfx-imgui\fs_ocornut_imgui.bin.h">
      <Filter>bgfx-imgui</Filter>
    </ClInclude>
    <ClInclude Include="Source\bgfx-imgui\imgui_impl_bgfx.h">
      <Filter>bgfx-imgui</Filter>
    </ClInclude>
    <ClInclude Include="Source\bgfx-imgui\vs_ocornut_imgui.bin.h">
      <Filter>bgfx-imgui</Filter>
    </ClInclude>
    <ClInclude Include="Source\logo.h" />
  </ItemGroup>
  <ItemGroup>
    <ClCompile Include="Source\bgfx-imgui\imgui_impl_bgfx.cpp">
      <Filter>bgfx-imgui</Filter>
    </ClCompile>
    <ClCompile Include="Source\main.cpp" />
  </ItemGroup>
</Project>