<?xml version="1.0" encoding="utf-8"?>
<Project ToolsVersion="4.0" xmlns="http://schemas.microsoft.com/developer/msbuild/2003">
  <ItemGroup>
    <Filter Include="3rdparty">
      <UniqueIdentifier>{3E7DA5C5-2A4A-00D1-5363-EE783F8F355F}</UniqueIdentifier>
    </Filter>
    <Filter Include="3rdparty\astc-encoder">
      <UniqueIdentifier>{A57CD095-11E9-8B90-DADC-23EE4608AEF8}</UniqueIdentifier>
    </Filter>
    <Filter Include="3rdparty\astc-encoder\include">
      <UniqueIdentifier>{18794EBB-8491-35E5-4D3E-C57EB915CA7E}</UniqueIdentifier>
    </Filter>
    <Filter Include="3rdparty\astc-encoder\source">
      <UniqueIdentifier>{2553A84B-110E-98F7-BAC5-1042A65FE287}</UniqueIdentifier>
    </Filter>
    <Filter Include="include">
      <UniqueIdentifier>{89AF369E-F58E-B539-FEA6-40106A051C9B}</UniqueIdentifier>
    </Filter>
    <Filter Include="include\bimg">
      <UniqueIdentifier>{17D7D869-033A-680E-ACBF-A0C498013491}</UniqueIdentifier>
    </Filter>
    <Filter Include="src">
      <UniqueIdentifier>{2DAB880B-99B4-887C-2230-9F7C8E38947C}</UniqueIdentifier>
    </Filter>
  </ItemGroup>
  <ItemGroup>
    <ClInclude Include="..\bgfx-test\ThirdParty\bimg\3rdparty\astc-encoder\include\astcenc.h">
      <Filter>3rdparty\astc-encoder\include</Filter>
    </ClInclude>
    <ClInclude Include="..\bgfx-test\ThirdParty\bimg\include\bimg\bimg.h">
      <Filter>include\bimg</Filter>
    </ClInclude>
    <ClInclude Include="..\bgfx-test\ThirdParty\bimg\include\bimg\decode.h">
      <Filter>include\bimg</Filter>
    </ClInclude>
    <ClInclude Include="..\bgfx-test\ThirdParty\bimg\include\bimg\encode.h">
      <Filter>include\bimg</Filter>
    </ClInclude>
    <ClInclude Include="..\bgfx-test\ThirdParty\bimg\src\bimg_p.h">
      <Filter>src</Filter>
    </ClInclude>
    <ClInclude Include="..\bgfx-test\ThirdParty\bimg\src\config.h">
      <Filter>src</Filter>
    </ClInclude>
  </ItemGroup>
  <ItemGroup>
    <ClCompile Include="..\bgfx-test\ThirdParty\bimg\3rdparty\astc-encoder\source\astcenc_averages_and_directions.cpp">
      <Filter>3rdparty\astc-encoder\source</Filter>
    </ClCompile>
    <ClCompile Include="..\bgfx-test\ThirdParty\bimg\3rdparty\astc-encoder\source\astcenc_block_sizes.cpp">
      <Filter>3rdparty\astc-encoder\source</Filter>
    </ClCompile>
    <ClCompile Include="..\bgfx-test\ThirdParty\bimg\3rdparty\astc-encoder\source\astcenc_color_quantize.cpp">
      <Filter>3rdparty\astc-encoder\source</Filter>
    </ClCompile>
    <ClCompile Include="..\bgfx-test\ThirdParty\bimg\3rdparty\astc-encoder\source\astcenc_color_unquantize.cpp">
      <Filter>3rdparty\astc-encoder\source</Filter>
    </ClCompile>
    <ClCompile Include="..\bgfx-test\ThirdParty\bimg\3rdparty\astc-encoder\source\astcenc_compress_symbolic.cpp">
      <Filter>3rdparty\astc-encoder\source</Filter>
    </ClCompile>
    <ClCompile Include="..\bgfx-test\ThirdParty\bimg\3rdparty\astc-encoder\source\astcenc_compute_variance.cpp">
      <Filter>3rdparty\astc-encoder\source</Filter>
    </ClCompile>
    <ClCompile Include="..\bgfx-test\ThirdParty\bimg\3rdparty\astc-encoder\source\astcenc_decompress_symbolic.cpp">
      <Filter>3rdparty\astc-encoder\source</Filter>
    </ClCompile>
    <ClCompile Include="..\bgfx-test\ThirdParty\bimg\3rdparty\astc-encoder\source\astcenc_diagnostic_trace.cpp">
      <Filter>3rdparty\astc-encoder\source</Filter>
    </ClCompile>
    <ClCompile Include="..\bgfx-test\ThirdParty\bimg\3rdparty\astc-encoder\source\astcenc_entry.cpp">
      <Filter>3rdparty\astc-encoder\source</Filter>
    </ClCompile>
    <ClCompile Include="..\bgfx-test\ThirdParty\bimg\3rdparty\astc-encoder\source\astcenc_find_best_partitioning.cpp">
      <Filter>3rdparty\astc-encoder\source</Filter>
    </ClCompile>
    <ClCompile Include="..\bgfx-test\ThirdParty\bimg\3rdparty\astc-encoder\source\astcenc_ideal_endpoints_and_weights.cpp">
      <Filter>3rdparty\astc-encoder\source</Filter>
    </ClCompile>
    <ClCompile Include="..\bgfx-test\ThirdParty\bimg\3rdparty\astc-encoder\source\astcenc_image.cpp">
      <Filter>3rdparty\astc-encoder\source</Filter>
    </ClCompile>
    <ClCompile Include="..\bgfx-test\ThirdParty\bimg\3rdparty\astc-encoder\source\astcenc_integer_sequence.cpp">
      <Filter>3rdparty\astc-encoder\source</Filter>
    </ClCompile>
    <ClCompile Include="..\bgfx-test\ThirdParty\bimg\3rdparty\astc-encoder\source\astcenc_mathlib.cpp">
      <Filter>3rdparty\astc-encoder\source</Filter>
    </ClCompile>
    <ClCompile Include="..\bgfx-test\ThirdParty\bimg\3rdparty\astc-encoder\source\astcenc_mathlib_softfloat.cpp">
      <Filter>3rdparty\astc-encoder\source</Filter>
    </ClCompile>
    <ClCompile Include="..\bgfx-test\ThirdParty\bimg\3rdparty\astc-encoder\source\astcenc_partition_tables.cpp">
      <Filter>3rdparty\astc-encoder\source</Filter>
    </ClCompile>
    <ClCompile Include="..\bgfx-test\ThirdParty\bimg\3rdparty\astc-encoder\source\astcenc_percentile_tables.cpp">
      <Filter>3rdparty\astc-encoder\source</Filter>
    </ClCompile>
    <ClCompile Include="..\bgfx-test\ThirdParty\bimg\3rdparty\astc-encoder\source\astcenc_pick_best_endpoint_format.cpp">
      <Filter>3rdparty\astc-encoder\source</Filter>
    </ClCompile>
    <ClCompile Include="..\bgfx-test\ThirdParty\bimg\3rdparty\astc-encoder\source\astcenc_platform_isa_detection.cpp">
      <Filter>3rdparty\astc-encoder\source</Filter>
    </ClCompile>
    <ClCompile Include="..\bgfx-test\ThirdParty\bimg\3rdparty\astc-encoder\source\astcenc_quantization.cpp">
      <Filter>3rdparty\astc-encoder\source</Filter>
    </ClCompile>
    <ClCompile Include="..\bgfx-test\ThirdParty\bimg\3rdparty\astc-encoder\source\astcenc_symbolic_physical.cpp">
      <Filter>3rdparty\astc-encoder\source</Filter>
    </ClCompile>
    <ClCompile Include="..\bgfx-test\ThirdParty\bimg\3rdparty\astc-encoder\source\astcenc_weight_align.cpp">
      <Filter>3rdparty\astc-encoder\source</Filter>
    </ClCompile>
    <ClCompile Include="..\bgfx-test\ThirdParty\bimg\3rdparty\astc-encoder\source\astcenc_weight_quant_xfer_tables.cpp">
      <Filter>3rdparty\astc-encoder\source</Filter>
    </ClCompile>
    <ClCompile Include="..\bgfx-test\ThirdParty\bimg\src\image.cpp">
      <Filter>src</Filter>
    </ClCompile>
    <ClCompile Include="..\bgfx-test\ThirdParty\bimg\src\image_gnf.cpp">
      <Filter>src</Filter>
    </ClCompile>
  </ItemGroup>
</Project>